// !$*UTF8*$!
{
	archiveVersion = 1;
	classes = {
	};
	objectVersion = 46;
	objects = {

/* Begin PBXBuildFile section */
		0328126317A54375006D5E9D /* char2.stand.l.b.png in Resources */ = {isa = PBXBuildFile; fileRef = 0328125717A54375006D5E9D /* char2.stand.l.b.png */; };
		0328126417A54375006D5E9D /* char2.stand.l.f.png in Resources */ = {isa = PBXBuildFile; fileRef = 0328125817A54375006D5E9D /* char2.stand.l.f.png */; };
		0328126517A54375006D5E9D /* char2.stand.r.b.png in Resources */ = {isa = PBXBuildFile; fileRef = 0328125917A54375006D5E9D /* char2.stand.r.b.png */; };
		0328126617A54375006D5E9D /* char2.stand.r.f.png in Resources */ = {isa = PBXBuildFile; fileRef = 0328125A17A54375006D5E9D /* char2.stand.r.f.png */; };
		0328126717A54375006D5E9D /* char2.walk.l.b.1.png in Resources */ = {isa = PBXBuildFile; fileRef = 0328125B17A54375006D5E9D /* char2.walk.l.b.1.png */; };
		0328126817A54375006D5E9D /* char2.walk.l.b.2.png in Resources */ = {isa = PBXBuildFile; fileRef = 0328125C17A54375006D5E9D /* char2.walk.l.b.2.png */; };
		0328126917A54375006D5E9D /* char2.walk.l.f.1.png in Resources */ = {isa = PBXBuildFile; fileRef = 0328125D17A54375006D5E9D /* char2.walk.l.f.1.png */; };
		0328126A17A54375006D5E9D /* char2.walk.l.f.2.png in Resources */ = {isa = PBXBuildFile; fileRef = 0328125E17A54375006D5E9D /* char2.walk.l.f.2.png */; };
		0328126B17A54375006D5E9D /* char2.walk.r.b.1.png in Resources */ = {isa = PBXBuildFile; fileRef = 0328125F17A54375006D5E9D /* char2.walk.r.b.1.png */; };
		0328126C17A54375006D5E9D /* char2.walk.r.b.2.png in Resources */ = {isa = PBXBuildFile; fileRef = 0328126017A54375006D5E9D /* char2.walk.r.b.2.png */; };
		0328126D17A54375006D5E9D /* char2.walk.r.f.1.png in Resources */ = {isa = PBXBuildFile; fileRef = 0328126117A54375006D5E9D /* char2.walk.r.f.1.png */; };
		0328126E17A54375006D5E9D /* char2.walk.r.f.2.png in Resources */ = {isa = PBXBuildFile; fileRef = 0328126217A54375006D5E9D /* char2.walk.r.f.2.png */; };
		0328127117A5527D006D5E9D /* blocker.1.png in Resources */ = {isa = PBXBuildFile; fileRef = 0328127017A5527D006D5E9D /* blocker.1.png */; };
		032A5B7017A61F7500C98354 /* tile.4.png in Resources */ = {isa = PBXBuildFile; fileRef = 032A5B6D17A61F7500C98354 /* tile.4.png */; };
		032A5B7117A61F7500C98354 /* tile.5.png in Resources */ = {isa = PBXBuildFile; fileRef = 032A5B6E17A61F7500C98354 /* tile.5.png */; };
		032A5B7217A61F7500C98354 /* tile.6.png in Resources */ = {isa = PBXBuildFile; fileRef = 032A5B6F17A61F7500C98354 /* tile.6.png */; };
		032A5B7417A63F8000C98354 /* tutorial.1.png in Resources */ = {isa = PBXBuildFile; fileRef = 032A5B7317A63F8000C98354 /* tutorial.1.png */; };
		032D74DD179CD6840068B27E /* tile.0.png in Resources */ = {isa = PBXBuildFile; fileRef = 032D74DC179CD6840068B27E /* tile.0.png */; };
		032D74E1179CD7D30068B27E /* wall.0.l.png in Resources */ = {isa = PBXBuildFile; fileRef = 032D74E0179CD7D30068B27E /* wall.0.l.png */; };
		032D74E4179CE0130068B27E /* wall.0.r.png in Resources */ = {isa = PBXBuildFile; fileRef = 032D74E3179CE0130068B27E /* wall.0.r.png */; };
		032D74E7179CE0E90068B27E /* tile.3.png in Resources */ = {isa = PBXBuildFile; fileRef = 032D74E5179CE0E90068B27E /* tile.3.png */; };
		032D74E8179CE0E90068B27E /* wall.1.l.png in Resources */ = {isa = PBXBuildFile; fileRef = 032D74E6179CE0E90068B27E /* wall.1.l.png */; };
		032D74EB179CF9670068B27E /* xxiivvWorld.m in Sources */ = {isa = PBXBuildFile; fileRef = 032D74EA179CF9670068B27E /* xxiivvWorld.m */; };
		0355CFCA17C196C10069AF97 /* InfoPlist.strings in Resources */ = {isa = PBXBuildFile; fileRef = 0355CF8D17C196C10069AF97 /* InfoPlist.strings */; };
		0355CFCB17C196C10069AF97 /* MainStoryboard.storyboard in Resources */ = {isa = PBXBuildFile; fileRef = 0355CF8F17C196C10069AF97 /* MainStoryboard.storyboard */; };
		0355CFCC17C196C10069AF97 /* xxiivvTemplates.m in Sources */ = {isa = PBXBuildFile; fileRef = 0355CF9217C196C10069AF97 /* xxiivvTemplates.m */; };
		037CCB52179BBAD200833EDB /* char1.stand.l.b.png in Resources */ = {isa = PBXBuildFile; fileRef = 037CCB46179BBAD200833EDB /* char1.stand.l.b.png */; };
		037CCB53179BBAD200833EDB /* char1.stand.l.f.png in Resources */ = {isa = PBXBuildFile; fileRef = 037CCB47179BBAD200833EDB /* char1.stand.l.f.png */; };
		037CCB54179BBAD200833EDB /* char1.stand.r.b.png in Resources */ = {isa = PBXBuildFile; fileRef = 037CCB48179BBAD200833EDB /* char1.stand.r.b.png */; };
		037CCB55179BBAD200833EDB /* char1.stand.r.f.png in Resources */ = {isa = PBXBuildFile; fileRef = 037CCB49179BBAD200833EDB /* char1.stand.r.f.png */; };
		037CCB56179BBAD200833EDB /* char1.walk.l.b.1.png in Resources */ = {isa = PBXBuildFile; fileRef = 037CCB4A179BBAD200833EDB /* char1.walk.l.b.1.png */; };
		037CCB57179BBAD200833EDB /* char1.walk.l.b.2.png in Resources */ = {isa = PBXBuildFile; fileRef = 037CCB4B179BBAD200833EDB /* char1.walk.l.b.2.png */; };
		037CCB58179BBAD200833EDB /* char1.walk.l.f.1.png in Resources */ = {isa = PBXBuildFile; fileRef = 037CCB4C179BBAD200833EDB /* char1.walk.l.f.1.png */; };
		037CCB59179BBAD200833EDB /* char1.walk.l.f.2.png in Resources */ = {isa = PBXBuildFile; fileRef = 037CCB4D179BBAD200833EDB /* char1.walk.l.f.2.png */; };
		037CCB5A179BBAD200833EDB /* char1.walk.r.b.1.png in Resources */ = {isa = PBXBuildFile; fileRef = 037CCB4E179BBAD200833EDB /* char1.walk.r.b.1.png */; };
		037CCB5B179BBAD200833EDB /* char1.walk.r.b.2.png in Resources */ = {isa = PBXBuildFile; fileRef = 037CCB4F179BBAD200833EDB /* char1.walk.r.b.2.png */; };
		037CCB5C179BBAD200833EDB /* char1.walk.r.f.1.png in Resources */ = {isa = PBXBuildFile; fileRef = 037CCB50179BBAD200833EDB /* char1.walk.r.f.1.png */; };
		037CCB5D179BBAD200833EDB /* char1.walk.r.f.2.png in Resources */ = {isa = PBXBuildFile; fileRef = 037CCB51179BBAD200833EDB /* char1.walk.r.f.2.png */; };
		037E2656179D061A001A1553 /* wall.1.r.png in Resources */ = {isa = PBXBuildFile; fileRef = 037E2655179D061A001A1553 /* wall.1.r.png */; };
		037E2659179D3B8A001A1553 /* step.1.l.png in Resources */ = {isa = PBXBuildFile; fileRef = 037E2657179D3B8A001A1553 /* step.1.l.png */; };
		037E265A179D3B8A001A1553 /* step.1.r.png in Resources */ = {isa = PBXBuildFile; fileRef = 037E2658179D3B8A001A1553 /* step.1.r.png */; };
		037E265C179D3E45001A1553 /* char.chat.png in Resources */ = {isa = PBXBuildFile; fileRef = 037E265B179D3E45001A1553 /* char.chat.png */; };
		037E265F179D406C001A1553 /* door.1.l.png in Resources */ = {isa = PBXBuildFile; fileRef = 037E265D179D406C001A1553 /* door.1.l.png */; };
		037E2660179D406C001A1553 /* door.1.r.png in Resources */ = {isa = PBXBuildFile; fileRef = 037E265E179D406C001A1553 /* door.1.r.png */; };
		037E2662179D4562001A1553 /* beam.1.png in Resources */ = {isa = PBXBuildFile; fileRef = 037E2661179D4562001A1553 /* beam.1.png */; };
		0385E692179CD11D006D47D6 /* char.shadow.png in Resources */ = {isa = PBXBuildFile; fileRef = 0385E690179CD11D006D47D6 /* char.shadow.png */; };
		0385E693179CD11D006D47D6 /* tile.2.png in Resources */ = {isa = PBXBuildFile; fileRef = 0385E691179CD11D006D47D6 /* tile.2.png */; };
		03983BED17C1A41800C89446 /* gate.1.l.char1.png in Resources */ = {isa = PBXBuildFile; fileRef = 03983BE917C1A41800C89446 /* gate.1.l.char1.png */; };
		03983BEE17C1A41800C89446 /* gate.1.r.char1.png in Resources */ = {isa = PBXBuildFile; fileRef = 03983BEA17C1A41800C89446 /* gate.1.r.char1.png */; };
		03983BEF17C1A41800C89446 /* wizard3.l.f.png in Resources */ = {isa = PBXBuildFile; fileRef = 03983BEB17C1A41800C89446 /* wizard3.l.f.png */; };
		03983BF017C1A41800C89446 /* wizard3.r.f.png in Resources */ = {isa = PBXBuildFile; fileRef = 03983BEC17C1A41800C89446 /* wizard3.r.f.png */; };
		03B5B0BD17AA1CA300B3C18D /* icon.57.png in Resources */ = {isa = PBXBuildFile; fileRef = 03B5B0B917AA1CA300B3C18D /* icon.57.png */; };
		03B5B0BE17AA1CA300B3C18D /* icon.72.png in Resources */ = {isa = PBXBuildFile; fileRef = 03B5B0BA17AA1CA300B3C18D /* icon.72.png */; };
		03B5B0BF17AA1CA300B3C18D /* icon.114.png in Resources */ = {isa = PBXBuildFile; fileRef = 03B5B0BB17AA1CA300B3C18D /* icon.114.png */; };
		03B5B0C017AA1CA300B3C18D /* icon.144.png in Resources */ = {isa = PBXBuildFile; fileRef = 03B5B0BC17AA1CA300B3C18D /* icon.144.png */; };
		03B5B0C217AA1CA900B3C18D /* icon.57.png in Resources */ = {isa = PBXBuildFile; fileRef = 03B5B0C117AA1CA900B3C18D /* icon.57.png */; };
		03B5B0C417AA1CAE00B3C18D /* icon.114.png in Resources */ = {isa = PBXBuildFile; fileRef = 03B5B0C317AA1CAE00B3C18D /* icon.114.png */; };
		03B5B0C617AA1CB100B3C18D /* icon.72.png in Resources */ = {isa = PBXBuildFile; fileRef = 03B5B0C517AA1CB100B3C18D /* icon.72.png */; };
		03B5B0C817AA1CB300B3C18D /* icon.144.png in Resources */ = {isa = PBXBuildFile; fileRef = 03B5B0C717AA1CB300B3C18D /* icon.144.png */; };
		03BBFAAC178A9E4E00E79C3D /* UIKit.framework in Frameworks */ = {isa = PBXBuildFile; fileRef = 03BBFAAB178A9E4E00E79C3D /* UIKit.framework */; };
		03BBFAAE178A9E4E00E79C3D /* Foundation.framework in Frameworks */ = {isa = PBXBuildFile; fileRef = 03BBFAAD178A9E4E00E79C3D /* Foundation.framework */; };
		03BBFAB0178A9E4E00E79C3D /* CoreGraphics.framework in Frameworks */ = {isa = PBXBuildFile; fileRef = 03BBFAAF178A9E4E00E79C3D /* CoreGraphics.framework */; };
		03BBFAB6178A9E4E00E79C3D /* InfoPlist.strings in Resources */ = {isa = PBXBuildFile; fileRef = 03BBFAB4178A9E4E00E79C3D /* InfoPlist.strings */; };
		03BBFAB8178A9E4E00E79C3D /* main.m in Sources */ = {isa = PBXBuildFile; fileRef = 03BBFAB7178A9E4E00E79C3D /* main.m */; };
		03BBFABC178A9E4E00E79C3D /* xxiivvAppDelegate.m in Sources */ = {isa = PBXBuildFile; fileRef = 03BBFABB178A9E4E00E79C3D /* xxiivvAppDelegate.m */; };
		03BBFABE178A9E4E00E79C3D /* Default.png in Resources */ = {isa = PBXBuildFile; fileRef = 03BBFABD178A9E4E00E79C3D /* Default.png */; };
		03BBFAC0178A9E4E00E79C3D /* Default@2x.png in Resources */ = {isa = PBXBuildFile; fileRef = 03BBFABF178A9E4E00E79C3D /* Default@2x.png */; };
		03BBFAC2178A9E4E00E79C3D /* Default-568h@2x.png in Resources */ = {isa = PBXBuildFile; fileRef = 03BBFAC1178A9E4E00E79C3D /* Default-568h@2x.png */; };
		03BBFAC5178A9E4E00E79C3D /* MainStoryboard.storyboard in Resources */ = {isa = PBXBuildFile; fileRef = 03BBFAC3178A9E4E00E79C3D /* MainStoryboard.storyboard */; };
		03BBFAC8178A9E4E00E79C3D /* xxiivvViewController.m in Sources */ = {isa = PBXBuildFile; fileRef = 03BBFAC7178A9E4E00E79C3D /* xxiivvViewController.m */; };
		03BBFAD0178AC8D600E79C3D /* tile.1.png in Resources */ = {isa = PBXBuildFile; fileRef = 03BBFACF178AC8D600E79C3D /* tile.1.png */; };
		03C16CE317B8772D00401B3D /* gate.char2.1.l.png in Resources */ = {isa = PBXBuildFile; fileRef = 03C16CE117B8772D00401B3D /* gate.char2.1.l.png */; };
		03C16CE417B8772D00401B3D /* gate.char2.1.r.png in Resources */ = {isa = PBXBuildFile; fileRef = 03C16CE217B8772D00401B3D /* gate.char2.1.r.png */; };
		03C16CE617B8848A00401B3D /* blocker.0.png in Resources */ = {isa = PBXBuildFile; fileRef = 03C16CE517B8848A00401B3D /* blocker.0.png */; };
		03C1EE0517AFAC70001AFF21 /* blocker.3.png in Resources */ = {isa = PBXBuildFile; fileRef = 03C1EE0017AFAC70001AFF21 /* blocker.3.png */; };
		03C1EE0617AFAC70001AFF21 /* wall.2.l.png in Resources */ = {isa = PBXBuildFile; fileRef = 03C1EE0117AFAC70001AFF21 /* wall.2.l.png */; };
		03C1EE0717AFAC70001AFF21 /* wall.2.r.png in Resources */ = {isa = PBXBuildFile; fileRef = 03C1EE0217AFAC70001AFF21 /* wall.2.r.png */; };
		03C1EE0817AFAC70001AFF21 /* wall.3.l.png in Resources */ = {isa = PBXBuildFile; fileRef = 03C1EE0317AFAC70001AFF21 /* wall.3.l.png */; };
		03C1EE0917AFAC70001AFF21 /* wall.3.r.png in Resources */ = {isa = PBXBuildFile; fileRef = 03C1EE0417AFAC70001AFF21 /* wall.3.r.png */; };
		03C1EE0B17AFB90C001AFF21 /* event.chat.png in Resources */ = {isa = PBXBuildFile; fileRef = 03C1EE0A17AFB90C001AFF21 /* event.chat.png */; };
/* End PBXBuildFile section */

/* Begin PBXFileReference section */
		0328125717A54375006D5E9D /* char2.stand.l.b.png */ = {isa = PBXFileReference; lastKnownFileType = image.png; name = char2.stand.l.b.png; path = en.assets/char2.stand.l.b.png; sourceTree = "<group>"; };
		0328125817A54375006D5E9D /* char2.stand.l.f.png */ = {isa = PBXFileReference; lastKnownFileType = image.png; name = char2.stand.l.f.png; path = en.assets/char2.stand.l.f.png; sourceTree = "<group>"; };
		0328125917A54375006D5E9D /* char2.stand.r.b.png */ = {isa = PBXFileReference; lastKnownFileType = image.png; name = char2.stand.r.b.png; path = en.assets/char2.stand.r.b.png; sourceTree = "<group>"; };
		0328125A17A54375006D5E9D /* char2.stand.r.f.png */ = {isa = PBXFileReference; lastKnownFileType = image.png; name = char2.stand.r.f.png; path = en.assets/char2.stand.r.f.png; sourceTree = "<group>"; };
		0328125B17A54375006D5E9D /* char2.walk.l.b.1.png */ = {isa = PBXFileReference; lastKnownFileType = image.png; name = char2.walk.l.b.1.png; path = en.assets/char2.walk.l.b.1.png; sourceTree = "<group>"; };
		0328125C17A54375006D5E9D /* char2.walk.l.b.2.png */ = {isa = PBXFileReference; lastKnownFileType = image.png; name = char2.walk.l.b.2.png; path = en.assets/char2.walk.l.b.2.png; sourceTree = "<group>"; };
		0328125D17A54375006D5E9D /* char2.walk.l.f.1.png */ = {isa = PBXFileReference; lastKnownFileType = image.png; name = char2.walk.l.f.1.png; path = en.assets/char2.walk.l.f.1.png; sourceTree = "<group>"; };
		0328125E17A54375006D5E9D /* char2.walk.l.f.2.png */ = {isa = PBXFileReference; lastKnownFileType = image.png; name = char2.walk.l.f.2.png; path = en.assets/char2.walk.l.f.2.png; sourceTree = "<group>"; };
		0328125F17A54375006D5E9D /* char2.walk.r.b.1.png */ = {isa = PBXFileReference; lastKnownFileType = image.png; name = char2.walk.r.b.1.png; path = en.assets/char2.walk.r.b.1.png; sourceTree = "<group>"; };
		0328126017A54375006D5E9D /* char2.walk.r.b.2.png */ = {isa = PBXFileReference; lastKnownFileType = image.png; name = char2.walk.r.b.2.png; path = en.assets/char2.walk.r.b.2.png; sourceTree = "<group>"; };
		0328126117A54375006D5E9D /* char2.walk.r.f.1.png */ = {isa = PBXFileReference; lastKnownFileType = image.png; name = char2.walk.r.f.1.png; path = en.assets/char2.walk.r.f.1.png; sourceTree = "<group>"; };
		0328126217A54375006D5E9D /* char2.walk.r.f.2.png */ = {isa = PBXFileReference; lastKnownFileType = image.png; name = char2.walk.r.f.2.png; path = en.assets/char2.walk.r.f.2.png; sourceTree = "<group>"; };
		0328127017A5527D006D5E9D /* blocker.1.png */ = {isa = PBXFileReference; lastKnownFileType = image.png; name = blocker.1.png; path = en.assets/blocker.1.png; sourceTree = "<group>"; };
		032A5B6D17A61F7500C98354 /* tile.4.png */ = {isa = PBXFileReference; lastKnownFileType = image.png; name = tile.4.png; path = en.assets/tile.4.png; sourceTree = "<group>"; };
		032A5B6E17A61F7500C98354 /* tile.5.png */ = {isa = PBXFileReference; lastKnownFileType = image.png; name = tile.5.png; path = en.assets/tile.5.png; sourceTree = "<group>"; };
		032A5B6F17A61F7500C98354 /* tile.6.png */ = {isa = PBXFileReference; lastKnownFileType = image.png; name = tile.6.png; path = en.assets/tile.6.png; sourceTree = "<group>"; };
		032A5B7317A63F8000C98354 /* tutorial.1.png */ = {isa = PBXFileReference; lastKnownFileType = image.png; name = tutorial.1.png; path = en.assets/tutorial.1.png; sourceTree = "<group>"; };
		032D74DC179CD6840068B27E /* tile.0.png */ = {isa = PBXFileReference; lastKnownFileType = image.png; name = tile.0.png; path = en.assets/tile.0.png; sourceTree = "<group>"; };
		032D74E0179CD7D30068B27E /* wall.0.l.png */ = {isa = PBXFileReference; lastKnownFileType = image.png; name = wall.0.l.png; path = en.assets/wall.0.l.png; sourceTree = "<group>"; };
		032D74E3179CE0130068B27E /* wall.0.r.png */ = {isa = PBXFileReference; lastKnownFileType = image.png; name = wall.0.r.png; path = en.assets/wall.0.r.png; sourceTree = "<group>"; };
		032D74E5179CE0E90068B27E /* tile.3.png */ = {isa = PBXFileReference; lastKnownFileType = image.png; name = tile.3.png; path = en.assets/tile.3.png; sourceTree = "<group>"; };
		032D74E6179CE0E90068B27E /* wall.1.l.png */ = {isa = PBXFileReference; lastKnownFileType = image.png; name = wall.1.l.png; path = en.assets/wall.1.l.png; sourceTree = "<group>"; };
		032D74E9179CF9670068B27E /* xxiivvWorld.h */ = {isa = PBXFileReference; fileEncoding = 4; lastKnownFileType = sourcecode.c.h; path = xxiivvWorld.h; sourceTree = "<group>"; };
		032D74EA179CF9670068B27E /* xxiivvWorld.m */ = {isa = PBXFileReference; fileEncoding = 4; lastKnownFileType = sourcecode.c.objc; path = xxiivvWorld.m; sourceTree = "<group>"; };
		0355CF8E17C196C10069AF97 /* en */ = {isa = PBXFileReference; lastKnownFileType = text.plist.strings; name = en; path = InfoPlist.strings; sourceTree = "<group>"; };
		0355CF9017C196C10069AF97 /* en */ = {isa = PBXFileReference; lastKnownFileType = file.storyboard; name = en; path = MainStoryboard.storyboard; sourceTree = "<group>"; };
		0355CF9117C196C10069AF97 /* xxiivvTemplates.h */ = {isa = PBXFileReference; fileEncoding = 4; lastKnownFileType = sourcecode.c.h; path = xxiivvTemplates.h; sourceTree = "<group>"; };
		0355CF9217C196C10069AF97 /* xxiivvTemplates.m */ = {isa = PBXFileReference; fileEncoding = 4; lastKnownFileType = sourcecode.c.objc; path = xxiivvTemplates.m; sourceTree = "<group>"; };
		037CCB46179BBAD200833EDB /* char1.stand.l.b.png */ = {isa = PBXFileReference; lastKnownFileType = image.png; name = char1.stand.l.b.png; path = en.assets/char1.stand.l.b.png; sourceTree = "<group>"; };
		037CCB47179BBAD200833EDB /* char1.stand.l.f.png */ = {isa = PBXFileReference; lastKnownFileType = image.png; name = char1.stand.l.f.png; path = en.assets/char1.stand.l.f.png; sourceTree = "<group>"; };
		037CCB48179BBAD200833EDB /* char1.stand.r.b.png */ = {isa = PBXFileReference; lastKnownFileType = image.png; name = char1.stand.r.b.png; path = en.assets/char1.stand.r.b.png; sourceTree = "<group>"; };
		037CCB49179BBAD200833EDB /* char1.stand.r.f.png */ = {isa = PBXFileReference; lastKnownFileType = image.png; name = char1.stand.r.f.png; path = en.assets/char1.stand.r.f.png; sourceTree = "<group>"; };
		037CCB4A179BBAD200833EDB /* char1.walk.l.b.1.png */ = {isa = PBXFileReference; lastKnownFileType = image.png; name = char1.walk.l.b.1.png; path = en.assets/char1.walk.l.b.1.png; sourceTree = "<group>"; };
		037CCB4B179BBAD200833EDB /* char1.walk.l.b.2.png */ = {isa = PBXFileReference; lastKnownFileType = image.png; name = char1.walk.l.b.2.png; path = en.assets/char1.walk.l.b.2.png; sourceTree = "<group>"; };
		037CCB4C179BBAD200833EDB /* char1.walk.l.f.1.png */ = {isa = PBXFileReference; lastKnownFileType = image.png; name = char1.walk.l.f.1.png; path = en.assets/char1.walk.l.f.1.png; sourceTree = "<group>"; };
		037CCB4D179BBAD200833EDB /* char1.walk.l.f.2.png */ = {isa = PBXFileReference; lastKnownFileType = image.png; name = char1.walk.l.f.2.png; path = en.assets/char1.walk.l.f.2.png; sourceTree = "<group>"; };
		037CCB4E179BBAD200833EDB /* char1.walk.r.b.1.png */ = {isa = PBXFileReference; lastKnownFileType = image.png; name = char1.walk.r.b.1.png; path = en.assets/char1.walk.r.b.1.png; sourceTree = "<group>"; };
		037CCB4F179BBAD200833EDB /* char1.walk.r.b.2.png */ = {isa = PBXFileReference; lastKnownFileType = image.png; name = char1.walk.r.b.2.png; path = en.assets/char1.walk.r.b.2.png; sourceTree = "<group>"; };
		037CCB50179BBAD200833EDB /* char1.walk.r.f.1.png */ = {isa = PBXFileReference; lastKnownFileType = image.png; name = char1.walk.r.f.1.png; path = en.assets/char1.walk.r.f.1.png; sourceTree = "<group>"; };
		037CCB51179BBAD200833EDB /* char1.walk.r.f.2.png */ = {isa = PBXFileReference; lastKnownFileType = image.png; name = char1.walk.r.f.2.png; path = en.assets/char1.walk.r.f.2.png; sourceTree = "<group>"; };
		037E2655179D061A001A1553 /* wall.1.r.png */ = {isa = PBXFileReference; lastKnownFileType = image.png; name = wall.1.r.png; path = en.assets/wall.1.r.png; sourceTree = "<group>"; };
		037E2657179D3B8A001A1553 /* step.1.l.png */ = {isa = PBXFileReference; lastKnownFileType = image.png; name = step.1.l.png; path = en.assets/step.1.l.png; sourceTree = "<group>"; };
		037E2658179D3B8A001A1553 /* step.1.r.png */ = {isa = PBXFileReference; lastKnownFileType = image.png; name = step.1.r.png; path = en.assets/step.1.r.png; sourceTree = "<group>"; };
		037E265B179D3E45001A1553 /* char.chat.png */ = {isa = PBXFileReference; lastKnownFileType = image.png; name = char.chat.png; path = en.assets/char.chat.png; sourceTree = "<group>"; };
		037E265D179D406C001A1553 /* door.1.l.png */ = {isa = PBXFileReference; lastKnownFileType = image.png; name = door.1.l.png; path = en.assets/door.1.l.png; sourceTree = "<group>"; };
		037E265E179D406C001A1553 /* door.1.r.png */ = {isa = PBXFileReference; lastKnownFileType = image.png; name = door.1.r.png; path = en.assets/door.1.r.png; sourceTree = "<group>"; };
		037E2661179D4562001A1553 /* beam.1.png */ = {isa = PBXFileReference; lastKnownFileType = image.png; name = beam.1.png; path = en.assets/beam.1.png; sourceTree = "<group>"; };
		0385E690179CD11D006D47D6 /* char.shadow.png */ = {isa = PBXFileReference; lastKnownFileType = image.png; name = char.shadow.png; path = en.assets/char.shadow.png; sourceTree = "<group>"; };
		0385E691179CD11D006D47D6 /* tile.2.png */ = {isa = PBXFileReference; lastKnownFileType = image.png; name = tile.2.png; path = en.assets/tile.2.png; sourceTree = "<group>"; };
		03983BE917C1A41800C89446 /* gate.1.l.char1.png */ = {isa = PBXFileReference; lastKnownFileType = image.png; name = gate.1.l.char1.png; path = en.assets/gate.1.l.char1.png; sourceTree = "<group>"; };
		03983BEA17C1A41800C89446 /* gate.1.r.char1.png */ = {isa = PBXFileReference; lastKnownFileType = image.png; name = gate.1.r.char1.png; path = en.assets/gate.1.r.char1.png; sourceTree = "<group>"; };
		03983BEB17C1A41800C89446 /* wizard3.l.f.png */ = {isa = PBXFileReference; lastKnownFileType = image.png; name = wizard3.l.f.png; path = en.assets/wizard3.l.f.png; sourceTree = "<group>"; };
		03983BEC17C1A41800C89446 /* wizard3.r.f.png */ = {isa = PBXFileReference; lastKnownFileType = image.png; name = wizard3.r.f.png; path = en.assets/wizard3.r.f.png; sourceTree = "<group>"; };
		03B5B0B917AA1CA300B3C18D /* icon.57.png */ = {isa = PBXFileReference; lastKnownFileType = image.png; path = icon.57.png; sourceTree = "<group>"; };
		03B5B0BA17AA1CA300B3C18D /* icon.72.png */ = {isa = PBXFileReference; lastKnownFileType = image.png; path = icon.72.png; sourceTree = "<group>"; };
		03B5B0BB17AA1CA300B3C18D /* icon.114.png */ = {isa = PBXFileReference; lastKnownFileType = image.png; path = icon.114.png; sourceTree = "<group>"; };
		03B5B0BC17AA1CA300B3C18D /* icon.144.png */ = {isa = PBXFileReference; lastKnownFileType = image.png; path = icon.144.png; sourceTree = "<group>"; };
		03B5B0C117AA1CA900B3C18D /* icon.57.png */ = {isa = PBXFileReference; lastKnownFileType = image.png; path = icon.57.png; sourceTree = "<group>"; };
		03B5B0C317AA1CAE00B3C18D /* icon.114.png */ = {isa = PBXFileReference; lastKnownFileType = image.png; path = icon.114.png; sourceTree = "<group>"; };
		03B5B0C517AA1CB100B3C18D /* icon.72.png */ = {isa = PBXFileReference; lastKnownFileType = image.png; path = icon.72.png; sourceTree = "<group>"; };
		03B5B0C717AA1CB300B3C18D /* icon.144.png */ = {isa = PBXFileReference; lastKnownFileType = image.png; path = icon.144.png; sourceTree = "<group>"; };
		03BBFAA8178A9E4E00E79C3D /* Oquonie.app */ = {isa = PBXFileReference; explicitFileType = wrapper.application; includeInIndex = 0; path = Oquonie.app; sourceTree = BUILT_PRODUCTS_DIR; };
		03BBFAAB178A9E4E00E79C3D /* UIKit.framework */ = {isa = PBXFileReference; lastKnownFileType = wrapper.framework; name = UIKit.framework; path = System/Library/Frameworks/UIKit.framework; sourceTree = SDKROOT; };
		03BBFAAD178A9E4E00E79C3D /* Foundation.framework */ = {isa = PBXFileReference; lastKnownFileType = wrapper.framework; name = Foundation.framework; path = System/Library/Frameworks/Foundation.framework; sourceTree = SDKROOT; };
		03BBFAAF178A9E4E00E79C3D /* CoreGraphics.framework */ = {isa = PBXFileReference; lastKnownFileType = wrapper.framework; name = CoreGraphics.framework; path = System/Library/Frameworks/CoreGraphics.framework; sourceTree = SDKROOT; };
		03BBFAB3178A9E4E00E79C3D /* Oquonie-Info.plist */ = {isa = PBXFileReference; lastKnownFileType = text.plist.xml; path = "Oquonie-Info.plist"; sourceTree = "<group>"; };
		03BBFAB5178A9E4E00E79C3D /* en */ = {isa = PBXFileReference; lastKnownFileType = text.plist.strings; name = en; path = en.lproj/InfoPlist.strings; sourceTree = "<group>"; };
		03BBFAB7178A9E4E00E79C3D /* main.m */ = {isa = PBXFileReference; lastKnownFileType = sourcecode.c.objc; path = main.m; sourceTree = "<group>"; };
		03BBFAB9178A9E4E00E79C3D /* Oquonie-Prefix.pch */ = {isa = PBXFileReference; lastKnownFileType = sourcecode.c.h; path = "Oquonie-Prefix.pch"; sourceTree = "<group>"; };
		03BBFABA178A9E4E00E79C3D /* xxiivvAppDelegate.h */ = {isa = PBXFileReference; lastKnownFileType = sourcecode.c.h; path = xxiivvAppDelegate.h; sourceTree = "<group>"; };
		03BBFABB178A9E4E00E79C3D /* xxiivvAppDelegate.m */ = {isa = PBXFileReference; lastKnownFileType = sourcecode.c.objc; path = xxiivvAppDelegate.m; sourceTree = "<group>"; };
		03BBFABD178A9E4E00E79C3D /* Default.png */ = {isa = PBXFileReference; lastKnownFileType = image.png; path = Default.png; sourceTree = "<group>"; };
		03BBFABF178A9E4E00E79C3D /* Default@2x.png */ = {isa = PBXFileReference; lastKnownFileType = image.png; path = "Default@2x.png"; sourceTree = "<group>"; };
		03BBFAC1178A9E4E00E79C3D /* Default-568h@2x.png */ = {isa = PBXFileReference; lastKnownFileType = image.png; path = "Default-568h@2x.png"; sourceTree = "<group>"; };
		03BBFAC4178A9E4E00E79C3D /* en */ = {isa = PBXFileReference; lastKnownFileType = file.storyboard; name = en; path = en.lproj/MainStoryboard.storyboard; sourceTree = "<group>"; };
		03BBFAC6178A9E4E00E79C3D /* xxiivvViewController.h */ = {isa = PBXFileReference; lastKnownFileType = sourcecode.c.h; path = xxiivvViewController.h; sourceTree = "<group>"; };
		03BBFAC7178A9E4E00E79C3D /* xxiivvViewController.m */ = {isa = PBXFileReference; lastKnownFileType = sourcecode.c.objc; path = xxiivvViewController.m; sourceTree = "<group>"; };
		03BBFACF178AC8D600E79C3D /* tile.1.png */ = {isa = PBXFileReference; lastKnownFileType = image.png; name = tile.1.png; path = en.assets/tile.1.png; sourceTree = "<group>"; };
		03C16CE117B8772D00401B3D /* gate.char2.1.l.png */ = {isa = PBXFileReference; lastKnownFileType = image.png; name = gate.char2.1.l.png; path = en.assets/gate.char2.1.l.png; sourceTree = "<group>"; };
		03C16CE217B8772D00401B3D /* gate.char2.1.r.png */ = {isa = PBXFileReference; lastKnownFileType = image.png; name = gate.char2.1.r.png; path = en.assets/gate.char2.1.r.png; sourceTree = "<group>"; };
		03C16CE517B8848A00401B3D /* blocker.0.png */ = {isa = PBXFileReference; lastKnownFileType = image.png; name = blocker.0.png; path = en.assets/blocker.0.png; sourceTree = "<group>"; };
		03C1EE0017AFAC70001AFF21 /* blocker.3.png */ = {isa = PBXFileReference; lastKnownFileType = image.png; name = blocker.3.png; path = en.assets/blocker.3.png; sourceTree = "<group>"; };
		03C1EE0117AFAC70001AFF21 /* wall.2.l.png */ = {isa = PBXFileReference; lastKnownFileType = image.png; name = wall.2.l.png; path = en.assets/wall.2.l.png; sourceTree = "<group>"; };
		03C1EE0217AFAC70001AFF21 /* wall.2.r.png */ = {isa = PBXFileReference; lastKnownFileType = image.png; name = wall.2.r.png; path = en.assets/wall.2.r.png; sourceTree = "<group>"; };
		03C1EE0317AFAC70001AFF21 /* wall.3.l.png */ = {isa = PBXFileReference; lastKnownFileType = image.png; name = wall.3.l.png; path = en.assets/wall.3.l.png; sourceTree = "<group>"; };
		03C1EE0417AFAC70001AFF21 /* wall.3.r.png */ = {isa = PBXFileReference; lastKnownFileType = image.png; name = wall.3.r.png; path = en.assets/wall.3.r.png; sourceTree = "<group>"; };
		03C1EE0A17AFB90C001AFF21 /* event.chat.png */ = {isa = PBXFileReference; lastKnownFileType = image.png; name = event.chat.png; path = en.assets/event.chat.png; sourceTree = "<group>"; };
/* End PBXFileReference section */

/* Begin PBXFrameworksBuildPhase section */
		03BBFAA5178A9E4E00E79C3D /* Frameworks */ = {
			isa = PBXFrameworksBuildPhase;
			buildActionMask = 2147483647;
			files = (
				03BBFAAC178A9E4E00E79C3D /* UIKit.framework in Frameworks */,
				03BBFAAE178A9E4E00E79C3D /* Foundation.framework in Frameworks */,
				03BBFAB0178A9E4E00E79C3D /* CoreGraphics.framework in Frameworks */,
			);
			runOnlyForDeploymentPostprocessing = 0;
		};
/* End PBXFrameworksBuildPhase section */

/* Begin PBXGroup section */
		0328126F17A5437C006D5E9D /* Char2 */ = {
			isa = PBXGroup;
			children = (
				0328125717A54375006D5E9D /* char2.stand.l.b.png */,
				0328125817A54375006D5E9D /* char2.stand.l.f.png */,
				0328125917A54375006D5E9D /* char2.stand.r.b.png */,
				0328125A17A54375006D5E9D /* char2.stand.r.f.png */,
				0328125B17A54375006D5E9D /* char2.walk.l.b.1.png */,
				0328125C17A54375006D5E9D /* char2.walk.l.b.2.png */,
				0328125D17A54375006D5E9D /* char2.walk.l.f.1.png */,
				0328125E17A54375006D5E9D /* char2.walk.l.f.2.png */,
				0328125F17A54375006D5E9D /* char2.walk.r.b.1.png */,
				0328126017A54375006D5E9D /* char2.walk.r.b.2.png */,
				0328126117A54375006D5E9D /* char2.walk.r.f.1.png */,
				0328126217A54375006D5E9D /* char2.walk.r.f.2.png */,
			);
			name = Char2;
			sourceTree = "<group>";
		};
		032D74DE179CD68A0068B27E /* Tiles */ = {
			isa = PBXGroup;
			children = (
				032A5B6D17A61F7500C98354 /* tile.4.png */,
				032A5B6E17A61F7500C98354 /* tile.5.png */,
				032A5B6F17A61F7500C98354 /* tile.6.png */,
				032D74E5179CE0E90068B27E /* tile.3.png */,
				032D74DC179CD6840068B27E /* tile.0.png */,
				03BBFACF178AC8D600E79C3D /* tile.1.png */,
				0385E691179CD11D006D47D6 /* tile.2.png */,
			);
			name = Tiles;
			sourceTree = "<group>";
		};
		032D74DF179CD6950068B27E /* Char1 */ = {
			isa = PBXGroup;
			children = (
				037CCB46179BBAD200833EDB /* char1.stand.l.b.png */,
				037CCB47179BBAD200833EDB /* char1.stand.l.f.png */,
				037CCB48179BBAD200833EDB /* char1.stand.r.b.png */,
				037CCB49179BBAD200833EDB /* char1.stand.r.f.png */,
				037CCB4A179BBAD200833EDB /* char1.walk.l.b.1.png */,
				037CCB4B179BBAD200833EDB /* char1.walk.l.b.2.png */,
				037CCB4C179BBAD200833EDB /* char1.walk.l.f.1.png */,
				037CCB4D179BBAD200833EDB /* char1.walk.l.f.2.png */,
				037CCB4E179BBAD200833EDB /* char1.walk.r.b.1.png */,
				037CCB4F179BBAD200833EDB /* char1.walk.r.b.2.png */,
				037CCB50179BBAD200833EDB /* char1.walk.r.f.1.png */,
				037CCB51179BBAD200833EDB /* char1.walk.r.f.2.png */,
			);
			name = Char1;
			sourceTree = "<group>";
		};
		032D74E2179CD7D90068B27E /* Walls */ = {
			isa = PBXGroup;
			children = (
				037E2655179D061A001A1553 /* wall.1.r.png */,
				032D74E6179CE0E90068B27E /* wall.1.l.png */,
				032D74E3179CE0130068B27E /* wall.0.r.png */,
				032D74E0179CD7D30068B27E /* wall.0.l.png */,
			);
			name = Walls;
			sourceTree = "<group>";
		};
		0355CF8C17C196C10069AF97 /* en.lproj */ = {
			isa = PBXGroup;
			children = (
				0355CF8D17C196C10069AF97 /* InfoPlist.strings */,
				0355CF8F17C196C10069AF97 /* MainStoryboard.storyboard */,
			);
			path = en.lproj;
			sourceTree = "<group>";
		};
		03BBFA9F178A9E4E00E79C3D = {
			isa = PBXGroup;
			children = (
				03B5B0C717AA1CB300B3C18D /* icon.144.png */,
				03B5B0C517AA1CB100B3C18D /* icon.72.png */,
				03B5B0C317AA1CAE00B3C18D /* icon.114.png */,
				03B5B0C117AA1CA900B3C18D /* icon.57.png */,
				03BBFAB1178A9E4E00E79C3D /* Oquonie */,
				03BBFAAA178A9E4E00E79C3D /* Frameworks */,
				03BBFAA9178A9E4E00E79C3D /* Products */,
			);
			sourceTree = "<group>";
		};
		03BBFAA9178A9E4E00E79C3D /* Products */ = {
			isa = PBXGroup;
			children = (
				03BBFAA8178A9E4E00E79C3D /* Oquonie.app */,
			);
			name = Products;
			sourceTree = "<group>";
		};
		03BBFAAA178A9E4E00E79C3D /* Frameworks */ = {
			isa = PBXGroup;
			children = (
				03BBFAAB178A9E4E00E79C3D /* UIKit.framework */,
				03BBFAAD178A9E4E00E79C3D /* Foundation.framework */,
				03BBFAAF178A9E4E00E79C3D /* CoreGraphics.framework */,
			);
			name = Frameworks;
			sourceTree = "<group>";
		};
		03BBFAB1178A9E4E00E79C3D /* Oquonie */ = {
			isa = PBXGroup;
			children = (
				0355CF8C17C196C10069AF97 /* en.lproj */,
				03BBFABA178A9E4E00E79C3D /* xxiivvAppDelegate.h */,
				03BBFABB178A9E4E00E79C3D /* xxiivvAppDelegate.m */,
				03BBFAC6178A9E4E00E79C3D /* xxiivvViewController.h */,
				03BBFAC7178A9E4E00E79C3D /* xxiivvViewController.m */,
				032D74E9179CF9670068B27E /* xxiivvWorld.h */,
				032D74EA179CF9670068B27E /* xxiivvWorld.m */,
				0355CF9117C196C10069AF97 /* xxiivvTemplates.h */,
				0355CF9217C196C10069AF97 /* xxiivvTemplates.m */,
				03BBFACE178AC8C200E79C3D /* Assets */,
				03BBFAB2178A9E4E00E79C3D /* Supporting Files */,
			);
			path = Oquonie;
			sourceTree = "<group>";
		};
		03BBFAB2178A9E4E00E79C3D /* Supporting Files */ = {
			isa = PBXGroup;
			children = (
				03BBFAC3178A9E4E00E79C3D /* MainStoryboard.storyboard */,
				03BBFAB3178A9E4E00E79C3D /* Oquonie-Info.plist */,
				03BBFAB4178A9E4E00E79C3D /* InfoPlist.strings */,
				03BBFAB7178A9E4E00E79C3D /* main.m */,
				03BBFAB9178A9E4E00E79C3D /* Oquonie-Prefix.pch */,
				03BBFABD178A9E4E00E79C3D /* Default.png */,
				03BBFABF178A9E4E00E79C3D /* Default@2x.png */,
				03BBFAC1178A9E4E00E79C3D /* Default-568h@2x.png */,
			);
			name = "Supporting Files";
			sourceTree = "<group>";
		};
		03BBFACE178AC8C200E79C3D /* Assets */ = {
			isa = PBXGroup;
			children = (
				03983BE917C1A41800C89446 /* gate.1.l.char1.png */,
				03983BEA17C1A41800C89446 /* gate.1.r.char1.png */,
				03983BEB17C1A41800C89446 /* wizard3.l.f.png */,
				03983BEC17C1A41800C89446 /* wizard3.r.f.png */,
				03C16CE517B8848A00401B3D /* blocker.0.png */,
				03C16CE117B8772D00401B3D /* gate.char2.1.l.png */,
				03C16CE217B8772D00401B3D /* gate.char2.1.r.png */,
				03C1EE0A17AFB90C001AFF21 /* event.chat.png */,
				03C1EE0017AFAC70001AFF21 /* blocker.3.png */,
				03C1EE0117AFAC70001AFF21 /* wall.2.l.png */,
				03C1EE0217AFAC70001AFF21 /* wall.2.r.png */,
				03C1EE0317AFAC70001AFF21 /* wall.3.l.png */,
				03C1EE0417AFAC70001AFF21 /* wall.3.r.png */,
				03B5B0B917AA1CA300B3C18D /* icon.57.png */,
				03B5B0BA17AA1CA300B3C18D /* icon.72.png */,
				03B5B0BB17AA1CA300B3C18D /* icon.114.png */,
				03B5B0BC17AA1CA300B3C18D /* icon.144.png */,
				032A5B7317A63F8000C98354 /* tutorial.1.png */,
				0328127017A5527D006D5E9D /* blocker.1.png */,
				037E2661179D4562001A1553 /* beam.1.png */,
				037E265D179D406C001A1553 /* door.1.l.png */,
				037E265E179D406C001A1553 /* door.1.r.png */,
				037E2657179D3B8A001A1553 /* step.1.l.png */,
				037E2658179D3B8A001A1553 /* step.1.r.png */,
				0385E690179CD11D006D47D6 /* char.shadow.png */,
				037E265B179D3E45001A1553 /* char.chat.png */,
				0328126F17A5437C006D5E9D /* Char2 */,
				032D74E2179CD7D90068B27E /* Walls */,
				032D74DF179CD6950068B27E /* Char1 */,
				032D74DE179CD68A0068B27E /* Tiles */,
			);
			name = Assets;
			sourceTree = "<group>";
		};
/* End PBXGroup section */

/* Begin PBXNativeTarget section */
		03BBFAA7178A9E4E00E79C3D /* Oquonie */ = {
			isa = PBXNativeTarget;
			buildConfigurationList = 03BBFACB178A9E4E00E79C3D /* Build configuration list for PBXNativeTarget "Oquonie" */;
			buildPhases = (
				03BBFAA4178A9E4E00E79C3D /* Sources */,
				03BBFAA5178A9E4E00E79C3D /* Frameworks */,
				03BBFAA6178A9E4E00E79C3D /* Resources */,
			);
			buildRules = (
			);
			dependencies = (
			);
			name = Oquonie;
			productName = Oquonie;
			productReference = 03BBFAA8178A9E4E00E79C3D /* Oquonie.app */;
			productType = "com.apple.product-type.application";
		};
/* End PBXNativeTarget section */

/* Begin PBXProject section */
		03BBFAA0178A9E4E00E79C3D /* Project object */ = {
			isa = PBXProject;
			attributes = {
				CLASSPREFIX = xxiivv;
				LastUpgradeCheck = 0460;
				ORGANIZATIONNAME = XXIIVV;
			};
			buildConfigurationList = 03BBFAA3178A9E4E00E79C3D /* Build configuration list for PBXProject "Oquonie" */;
			compatibilityVersion = "Xcode 3.2";
			developmentRegion = English;
			hasScannedForEncodings = 0;
			knownRegions = (
				en,
			);
			mainGroup = 03BBFA9F178A9E4E00E79C3D;
			productRefGroup = 03BBFAA9178A9E4E00E79C3D /* Products */;
			projectDirPath = "";
			projectRoot = "";
			targets = (
				03BBFAA7178A9E4E00E79C3D /* Oquonie */,
			);
		};
/* End PBXProject section */

/* Begin PBXResourcesBuildPhase section */
		03BBFAA6178A9E4E00E79C3D /* Resources */ = {
			isa = PBXResourcesBuildPhase;
			buildActionMask = 2147483647;
			files = (
				03BBFAB6178A9E4E00E79C3D /* InfoPlist.strings in Resources */,
				03BBFABE178A9E4E00E79C3D /* Default.png in Resources */,
				03BBFAC0178A9E4E00E79C3D /* Default@2x.png in Resources */,
				03BBFAC2178A9E4E00E79C3D /* Default-568h@2x.png in Resources */,
				03BBFAC5178A9E4E00E79C3D /* MainStoryboard.storyboard in Resources */,
				03BBFAD0178AC8D600E79C3D /* tile.1.png in Resources */,
				037CCB52179BBAD200833EDB /* char1.stand.l.b.png in Resources */,
				037CCB53179BBAD200833EDB /* char1.stand.l.f.png in Resources */,
				037CCB54179BBAD200833EDB /* char1.stand.r.b.png in Resources */,
				037CCB55179BBAD200833EDB /* char1.stand.r.f.png in Resources */,
				037CCB56179BBAD200833EDB /* char1.walk.l.b.1.png in Resources */,
				037CCB57179BBAD200833EDB /* char1.walk.l.b.2.png in Resources */,
				037CCB58179BBAD200833EDB /* char1.walk.l.f.1.png in Resources */,
				037CCB59179BBAD200833EDB /* char1.walk.l.f.2.png in Resources */,
				037CCB5A179BBAD200833EDB /* char1.walk.r.b.1.png in Resources */,
				037CCB5B179BBAD200833EDB /* char1.walk.r.b.2.png in Resources */,
				037CCB5C179BBAD200833EDB /* char1.walk.r.f.1.png in Resources */,
				037CCB5D179BBAD200833EDB /* char1.walk.r.f.2.png in Resources */,
				0385E692179CD11D006D47D6 /* char.shadow.png in Resources */,
				0385E693179CD11D006D47D6 /* tile.2.png in Resources */,
				032D74DD179CD6840068B27E /* tile.0.png in Resources */,
				032D74E1179CD7D30068B27E /* wall.0.l.png in Resources */,
				032D74E4179CE0130068B27E /* wall.0.r.png in Resources */,
				032D74E7179CE0E90068B27E /* tile.3.png in Resources */,
				032D74E8179CE0E90068B27E /* wall.1.l.png in Resources */,
				037E2656179D061A001A1553 /* wall.1.r.png in Resources */,
				037E2659179D3B8A001A1553 /* step.1.l.png in Resources */,
				037E265A179D3B8A001A1553 /* step.1.r.png in Resources */,
				037E265C179D3E45001A1553 /* char.chat.png in Resources */,
				037E265F179D406C001A1553 /* door.1.l.png in Resources */,
				037E2660179D406C001A1553 /* door.1.r.png in Resources */,
				037E2662179D4562001A1553 /* beam.1.png in Resources */,
				0328126317A54375006D5E9D /* char2.stand.l.b.png in Resources */,
				0328126417A54375006D5E9D /* char2.stand.l.f.png in Resources */,
				0328126517A54375006D5E9D /* char2.stand.r.b.png in Resources */,
				0328126617A54375006D5E9D /* char2.stand.r.f.png in Resources */,
				0328126717A54375006D5E9D /* char2.walk.l.b.1.png in Resources */,
				0328126817A54375006D5E9D /* char2.walk.l.b.2.png in Resources */,
				0328126917A54375006D5E9D /* char2.walk.l.f.1.png in Resources */,
				0328126A17A54375006D5E9D /* char2.walk.l.f.2.png in Resources */,
				0328126B17A54375006D5E9D /* char2.walk.r.b.1.png in Resources */,
				0328126C17A54375006D5E9D /* char2.walk.r.b.2.png in Resources */,
				0328126D17A54375006D5E9D /* char2.walk.r.f.1.png in Resources */,
				0328126E17A54375006D5E9D /* char2.walk.r.f.2.png in Resources */,
				0328127117A5527D006D5E9D /* blocker.1.png in Resources */,
				032A5B7017A61F7500C98354 /* tile.4.png in Resources */,
				032A5B7117A61F7500C98354 /* tile.5.png in Resources */,
				032A5B7217A61F7500C98354 /* tile.6.png in Resources */,
				032A5B7417A63F8000C98354 /* tutorial.1.png in Resources */,
				03B5B0BD17AA1CA300B3C18D /* icon.57.png in Resources */,
				03B5B0BE17AA1CA300B3C18D /* icon.72.png in Resources */,
				03B5B0BF17AA1CA300B3C18D /* icon.114.png in Resources */,
				03B5B0C017AA1CA300B3C18D /* icon.144.png in Resources */,
				03B5B0C217AA1CA900B3C18D /* icon.57.png in Resources */,
				03B5B0C417AA1CAE00B3C18D /* icon.114.png in Resources */,
				03B5B0C617AA1CB100B3C18D /* icon.72.png in Resources */,
				03B5B0C817AA1CB300B3C18D /* icon.144.png in Resources */,
				03C1EE0517AFAC70001AFF21 /* blocker.3.png in Resources */,
				03C1EE0617AFAC70001AFF21 /* wall.2.l.png in Resources */,
				03C1EE0717AFAC70001AFF21 /* wall.2.r.png in Resources */,
				03C1EE0817AFAC70001AFF21 /* wall.3.l.png in Resources */,
				03C1EE0917AFAC70001AFF21 /* wall.3.r.png in Resources */,
				03C1EE0B17AFB90C001AFF21 /* event.chat.png in Resources */,
				03C16CE317B8772D00401B3D /* gate.char2.1.l.png in Resources */,
				03C16CE417B8772D00401B3D /* gate.char2.1.r.png in Resources */,
				03C16CE617B8848A00401B3D /* blocker.0.png in Resources */,
				0355CFCA17C196C10069AF97 /* InfoPlist.strings in Resources */,
				0355CFCB17C196C10069AF97 /* MainStoryboard.storyboard in Resources */,
				03983BED17C1A41800C89446 /* gate.1.l.char1.png in Resources */,
				03983BEE17C1A41800C89446 /* gate.1.r.char1.png in Resources */,
				03983BEF17C1A41800C89446 /* wizard3.l.f.png in Resources */,
				03983BF017C1A41800C89446 /* wizard3.r.f.png in Resources */,
			);
			runOnlyForDeploymentPostprocessing = 0;
		};
/* End PBXResourcesBuildPhase section */

/* Begin PBXSourcesBuildPhase section */
		03BBFAA4178A9E4E00E79C3D /* Sources */ = {
			isa = PBXSourcesBuildPhase;
			buildActionMask = 2147483647;
			files = (
				03BBFAB8178A9E4E00E79C3D /* main.m in Sources */,
				03BBFABC178A9E4E00E79C3D /* xxiivvAppDelegate.m in Sources */,
				03BBFAC8178A9E4E00E79C3D /* xxiivvViewController.m in Sources */,
				032D74EB179CF9670068B27E /* xxiivvWorld.m in Sources */,
				0355CFCC17C196C10069AF97 /* xxiivvTemplates.m in Sources */,
			);
			runOnlyForDeploymentPostprocessing = 0;
		};
/* End PBXSourcesBuildPhase section */

/* Begin PBXVariantGroup section */
		0355CF8D17C196C10069AF97 /* InfoPlist.strings */ = {
			isa = PBXVariantGroup;
			children = (
				0355CF8E17C196C10069AF97 /* en */,
			);
			name = InfoPlist.strings;
			sourceTree = "<group>";
		};
		0355CF8F17C196C10069AF97 /* MainStoryboard.storyboard */ = {
			isa = PBXVariantGroup;
			children = (
				0355CF9017C196C10069AF97 /* en */,
			);
			name = MainStoryboard.storyboard;
			sourceTree = "<group>";
		};
		03BBFAB4178A9E4E00E79C3D /* InfoPlist.strings */ = {
			isa = PBXVariantGroup;
			children = (
				03BBFAB5178A9E4E00E79C3D /* en */,
			);
			name = InfoPlist.strings;
			sourceTree = "<group>";
		};
		03BBFAC3178A9E4E00E79C3D /* MainStoryboard.storyboard */ = {
			isa = PBXVariantGroup;
			children = (
				03BBFAC4178A9E4E00E79C3D /* en */,
			);
			name = MainStoryboard.storyboard;
			sourceTree = "<group>";
		};
/* End PBXVariantGroup section */

/* Begin XCBuildConfiguration section */
		03BBFAC9178A9E4E00E79C3D /* Debug */ = {
			isa = XCBuildConfiguration;
			buildSettings = {
				ALWAYS_SEARCH_USER_PATHS = NO;
				CLANG_CXX_LANGUAGE_STANDARD = "gnu++0x";
				CLANG_CXX_LIBRARY = "libc++";
				CLANG_ENABLE_OBJC_ARC = YES;
				CLANG_WARN_CONSTANT_CONVERSION = YES;
				CLANG_WARN_EMPTY_BODY = YES;
				CLANG_WARN_ENUM_CONVERSION = YES;
				CLANG_WARN_INT_CONVERSION = YES;
				CLANG_WARN__DUPLICATE_METHOD_MATCH = YES;
				"CODE_SIGN_IDENTITY[sdk=iphoneos*]" = "iPhone Developer";
				COPY_PHASE_STRIP = NO;
				GCC_C_LANGUAGE_STANDARD = gnu99;
				GCC_DYNAMIC_NO_PIC = NO;
				GCC_OPTIMIZATION_LEVEL = 0;
				GCC_PREPROCESSOR_DEFINITIONS = (
					"DEBUG=1",
					"$(inherited)",
				);
				GCC_SYMBOLS_PRIVATE_EXTERN = NO;
				GCC_WARN_ABOUT_RETURN_TYPE = YES;
				GCC_WARN_UNINITIALIZED_AUTOS = YES;
				GCC_WARN_UNUSED_VARIABLE = YES;
				IPHONEOS_DEPLOYMENT_TARGET = 6.1;
				ONLY_ACTIVE_ARCH = YES;
				SDKROOT = iphoneos;
			};
			name = Debug;
		};
		03BBFACA178A9E4E00E79C3D /* Release */ = {
			isa = XCBuildConfiguration;
			buildSettings = {
				ALWAYS_SEARCH_USER_PATHS = NO;
				CLANG_CXX_LANGUAGE_STANDARD = "gnu++0x";
				CLANG_CXX_LIBRARY = "libc++";
				CLANG_ENABLE_OBJC_ARC = YES;
				CLANG_WARN_CONSTANT_CONVERSION = YES;
				CLANG_WARN_EMPTY_BODY = YES;
				CLANG_WARN_ENUM_CONVERSION = YES;
				CLANG_WARN_INT_CONVERSION = YES;
				CLANG_WARN__DUPLICATE_METHOD_MATCH = YES;
				"CODE_SIGN_IDENTITY[sdk=iphoneos*]" = "iPhone Developer";
				COPY_PHASE_STRIP = YES;
				GCC_C_LANGUAGE_STANDARD = gnu99;
				GCC_WARN_ABOUT_RETURN_TYPE = YES;
				GCC_WARN_UNINITIALIZED_AUTOS = YES;
				GCC_WARN_UNUSED_VARIABLE = YES;
				IPHONEOS_DEPLOYMENT_TARGET = 6.1;
				OTHER_CFLAGS = "-DNS_BLOCK_ASSERTIONS=1";
				SDKROOT = iphoneos;
				VALIDATE_PRODUCT = YES;
			};
			name = Release;
		};
		03BBFACC178A9E4E00E79C3D /* Debug */ = {
			isa = XCBuildConfiguration;
			buildSettings = {
				GCC_PRECOMPILE_PREFIX_HEADER = YES;
				GCC_PREFIX_HEADER = "Oquonie/Oquonie-Prefix.pch";
				INFOPLIST_FILE = "Oquonie/Oquonie-Info.plist";
				IPHONEOS_DEPLOYMENT_TARGET = 6.1;
				PRODUCT_NAME = "$(TARGET_NAME)";
				TARGETED_DEVICE_FAMILY = "1,2";
				WRAPPER_EXTENSION = app;
			};
			name = Debug;
		};
		03BBFACD178A9E4E00E79C3D /* Release */ = {
			isa = XCBuildConfiguration;
			buildSettings = {
				GCC_PRECOMPILE_PREFIX_HEADER = YES;
				GCC_PREFIX_HEADER = "Oquonie/Oquonie-Prefix.pch";
				INFOPLIST_FILE = "Oquonie/Oquonie-Info.plist";
				IPHONEOS_DEPLOYMENT_TARGET = 6.1;
				PRODUCT_NAME = "$(TARGET_NAME)";
				TARGETED_DEVICE_FAMILY = "1,2";
				WRAPPER_EXTENSION = app;
			};
			name = Release;
		};
/* End XCBuildConfiguration section */

/* Begin XCConfigurationList section */
		03BBFAA3178A9E4E00E79C3D /* Build configuration list for PBXProject "Oquonie" */ = {
			isa = XCConfigurationList;
			buildConfigurations = (
				03BBFAC9178A9E4E00E79C3D /* Debug */,
				03BBFACA178A9E4E00E79C3D /* Release */,
			);
			defaultConfigurationIsVisible = 0;
			defaultConfigurationName = Release;
		};
		03BBFACB178A9E4E00E79C3D /* Build configuration list for PBXNativeTarget "Oquonie" */ = {
			isa = XCConfigurationList;
			buildConfigurations = (
				03BBFACC178A9E4E00E79C3D /* Debug */,
				03BBFACD178A9E4E00E79C3D /* Release */,
			);
			defaultConfigurationIsVisible = 0;
			defaultConfigurationName = Release;
		};
/* End XCConfigurationList section */
	};
	rootObject = 03BBFAA0178A9E4E00E79C3D /* Project object */;
}
